PODS:
  - '!ProtoCompiler (3.2.0)':
    - Protobuf (~> 3.0)
  - '!ProtoCompiler-gRPCPlugin (1.3.0)':
    - '!ProtoCompiler (= 3.2.0)'
    - gRPC-ProtoRPC (= 1.3.0)
  - BoringSSL (8.2):
    - BoringSSL/Implementation (= 8.2)
    - BoringSSL/Interface (= 8.2)
  - BoringSSL/Implementation (8.2):
    - BoringSSL/Interface (= 8.2)
  - BoringSSL/Interface (8.2)
  - gRPC (1.3.0):
    - gRPC-Core (= 1.3.0)
    - gRPC-RxLibrary (= 1.3.0)
  - gRPC-Core (1.3.0):
    - gRPC-Core/Implementation (= 1.3.0)
    - gRPC-Core/Interface (= 1.3.0)
  - gRPC-Core/Implementation (1.3.0):
    - BoringSSL (~> 8.0)
    - gRPC-Core/Interface (= 1.3.0)
  - gRPC-Core/Interface (1.3.0)
  - gRPC-ProtoRPC (1.3.0):
    - gRPC (= 1.3.0)
    - gRPC-RxLibrary (= 1.3.0)
    - Protobuf (~> 3.0)
  - gRPC-RxLibrary (1.3.0)
  - PlasmaSwift (0.1.0):
    - '!ProtoCompiler-gRPCPlugin (~> 1.3.0)'
    - PlasmaSwift/Messages (= 0.1.0)
    - PlasmaSwift/Services (= 0.1.0)
  - PlasmaSwift/Messages (0.1.0):
    - '!ProtoCompiler-gRPCPlugin (~> 1.3.0)'
    - Protobuf
  - PlasmaSwift/Services (0.1.0):
    - '!ProtoCompiler-gRPCPlugin (~> 1.3.0)'
    - gRPC-ProtoRPC
    - PlasmaSwift/Messages
  - Protobuf (3.3.0)

DEPENDENCIES:
  - PlasmaSwift (from `../`)

EXTERNAL SOURCES:
  PlasmaSwift:
    :path: ../

SPEC CHECKSUMS:
  '!ProtoCompiler': b66c7c0c1d911ad1490dcbfce30e1508739d8309
  '!ProtoCompiler-gRPCPlugin': 315d12febce749552558cbf93cf8eb4ed894777d
  BoringSSL: 4135ae556ee2b82ee85477c39ba917a3dd5424ba
  gRPC: c0d88992a7ceb367eb54afbabf6acdf36a7fd068
  gRPC-Core: d34ea5496af8d9640c38a9a6489557b9c7f58673
  gRPC-ProtoRPC: 9c46d1651690b5853e02f6ebda5aa8007d695193
  gRPC-RxLibrary: 9bc0b8c97518268573846ec846ed0ce50a8792c0
  PlasmaSwift: 1a01df5b2ffb452759768029c82f76c9ce95ca43
  Protobuf: d582fecf68201eac3d79ed61369ef45734394b9c

PODFILE CHECKSUM: 307dadf3642074419dffaa6b1d62149df5408a7a

COCOAPODS: 1.1.1
