PODS:
  - "!ProtoCompiler (3.5.0)":
    - Protobuf (~> 3.0)
  - "!ProtoCompiler-gRPCPlugin (1.9.1)":
    - "!ProtoCompiler (= 3.5.0)"
    - gRPC-ProtoRPC (= 1.9.1)
  - BoringSSL (9.2):
    - BoringSSL/Implementation (= 9.2)
    - BoringSSL/Interface (= 9.2)
  - BoringSSL/Implementation (9.2):
    - BoringSSL/Interface (= 9.2)
  - BoringSSL/Interface (9.2)
  - gRPC (1.9.1):
    - gRPC-RxLibrary (= 1.9.1)
    - gRPC/Main (= 1.9.1)
  - gRPC-Core (1.9.1):
    - gRPC-Core/Implementation (= 1.9.1)
    - gRPC-Core/Interface (= 1.9.1)
  - gRPC-Core/Implementation (1.9.1):
    - BoringSSL (~> 9.0)
    - gRPC-Core/Interface (= 1.9.1)
    - nanopb (~> 0.3)
  - gRPC-Core/Interface (1.9.1)
  - gRPC-ProtoRPC (1.9.1):
    - gRPC (= 1.9.1)
    - gRPC-RxLibrary (= 1.9.1)
    - Protobuf (~> 3.0)
  - gRPC-RxLibrary (1.9.1)
  - gRPC/Main (1.9.1):
    - gRPC-Core (= 1.9.1)
    - gRPC-RxLibrary (= 1.9.1)
  - nanopb (0.3.8):
    - nanopb/decode (= 0.3.8)
    - nanopb/encode (= 0.3.8)
  - nanopb/decode (0.3.8)
  - nanopb/encode (0.3.8)
  - Protobuf (3.6.0)

DEPENDENCIES:
  - "!ProtoCompiler-gRPCPlugin (= 1.9.1)"

SPEC REPOS:
  https://github.com/CocoaPods/Specs.git:
    - "!ProtoCompiler"
    - "!ProtoCompiler-gRPCPlugin"
    - BoringSSL
    - gRPC
    - gRPC-Core
    - gRPC-ProtoRPC
    - gRPC-RxLibrary
    - nanopb
    - Protobuf

SPEC CHECKSUMS:
  "!ProtoCompiler": 3e9dc8340c8f1bbab40aa0f5acb965a4be02f849
  "!ProtoCompiler-gRPCPlugin": 943e2945da1ff8077882d0ddb966811c3c6d6123
  BoringSSL: f3d6b8ce199b9c450a8cfc14895d07a2627fc232
  gRPC: 58828d611419d49da19ad02a60679ffa10a10a87
  gRPC-Core: 66413bf1f2d038a6221bc7bfcbeeaa5a117cee29
  gRPC-ProtoRPC: f29e8b7445e0d3c0311678ab121e6c164da4ca5e
  gRPC-RxLibrary: 8e0067bfe8a054022c7a81470baace4f2f633b48
  nanopb: 5601e6bca2dbf1ed831b519092ec110f66982ca3
  Protobuf: 0fc0ad8bec688b2a3017a139953e01374fedbd5f

PODFILE CHECKSUM: fdbfd34e048571dc10b3026f54cfa9a1bc3a2659

COCOAPODS: 1.5.0
