// !$*UTF8*$!
{
	archiveVersion = 1;
	classes = {
	};
	objectVersion = 46;
	objects = {

/* Begin PBXBuildFile section */
		77F1EAC61EEE8EE90054EAC1 /* AppDelegate.swift in Sources */ = {isa = PBXBuildFile; fileRef = 77F1EAC51EEE8EE90054EAC1 /* AppDelegate.swift */; };
		77F1EAC81EEE8EE90054EAC1 /* ViewController.swift in Sources */ = {isa = PBXBuildFile; fileRef = 77F1EAC71EEE8EE90054EAC1 /* ViewController.swift */; };
		77F1EACB1EEE8EE90054EAC1 /* Main.storyboard in Resources */ = {isa = PBXBuildFile; fileRef = 77F1EAC91EEE8EE90054EAC1 /* Main.storyboard */; };
		77F1EACD1EEE8EE90054EAC1 /* Assets.xcassets in Resources */ = {isa = PBXBuildFile; fileRef = 77F1EACC1EEE8EE90054EAC1 /* Assets.xcassets */; };
		77F1EADB1EEE8EE90054EAC1 /* PlasmaSwift_DemoTests.swift in Sources */ = {isa = PBXBuildFile; fileRef = 77F1EADA1EEE8EE90054EAC1 /* PlasmaSwift_DemoTests.swift */; };
		DEE00182E3103AC88A29B5D1 /* Pods_PlasmaSwift_DemoTests.framework in Frameworks */ = {isa = PBXBuildFile; fileRef = A34D6E2A43EDE7F0E52D0093 /* Pods_PlasmaSwift_DemoTests.framework */; };
		E86FAC80820DCBBAB75D2AC4 /* Pods_PlasmaSwift_Demo.framework in Frameworks */ = {isa = PBXBuildFile; fileRef = 97514CF7E3888D94533F0D89 /* Pods_PlasmaSwift_Demo.framework */; };
/* End PBXBuildFile section */

/* Begin PBXContainerItemProxy section */
		77F1EAD71EEE8EE90054EAC1 /* PBXContainerItemProxy */ = {
			isa = PBXContainerItemProxy;
			containerPortal = 77F1EABA1EEE8EE90054EAC1 /* Project object */;
			proxyType = 1;
			remoteGlobalIDString = 77F1EAC11EEE8EE90054EAC1;
			remoteInfo = "PlasmaSwift-Demo";
		};
/* End PBXContainerItemProxy section */

/* Begin PBXFileReference section */
		606C5508D3A7BBD374DC7F18 /* Pods-PlasmaSwift-DemoTests.debug.xcconfig */ = {isa = PBXFileReference; includeInIndex = 1; lastKnownFileType = text.xcconfig; name = "Pods-PlasmaSwift-DemoTests.debug.xcconfig"; path = "Pods/Target Support Files/Pods-PlasmaSwift-DemoTests/Pods-PlasmaSwift-DemoTests.debug.xcconfig"; sourceTree = "<group>"; };
		77BA7FF665E36D864B06E59D /* Pods-PlasmaSwift-Demo.release.xcconfig */ = {isa = PBXFileReference; includeInIndex = 1; lastKnownFileType = text.xcconfig; name = "Pods-PlasmaSwift-Demo.release.xcconfig"; path = "Pods/Target Support Files/Pods-PlasmaSwift-Demo/Pods-PlasmaSwift-Demo.release.xcconfig"; sourceTree = "<group>"; };
		77F1EAC21EEE8EE90054EAC1 /* PlasmaSwift-Demo.app */ = {isa = PBXFileReference; explicitFileType = wrapper.application; includeInIndex = 0; path = "PlasmaSwift-Demo.app"; sourceTree = BUILT_PRODUCTS_DIR; };
		77F1EAC51EEE8EE90054EAC1 /* AppDelegate.swift */ = {isa = PBXFileReference; lastKnownFileType = sourcecode.swift; path = AppDelegate.swift; sourceTree = "<group>"; };
		77F1EAC71EEE8EE90054EAC1 /* ViewController.swift */ = {isa = PBXFileReference; lastKnownFileType = sourcecode.swift; path = ViewController.swift; sourceTree = "<group>"; };
		77F1EACA1EEE8EE90054EAC1 /* Base */ = {isa = PBXFileReference; lastKnownFileType = file.storyboard; name = Base; path = Base.lproj/Main.storyboard; sourceTree = "<group>"; };
		77F1EACC1EEE8EE90054EAC1 /* Assets.xcassets */ = {isa = PBXFileReference; lastKnownFileType = folder.assetcatalog; path = Assets.xcassets; sourceTree = "<group>"; };
		77F1EAD11EEE8EE90054EAC1 /* Info.plist */ = {isa = PBXFileReference; lastKnownFileType = text.plist.xml; path = Info.plist; sourceTree = "<group>"; };
		77F1EAD61EEE8EE90054EAC1 /* PlasmaSwift-DemoTests.xctest */ = {isa = PBXFileReference; explicitFileType = wrapper.cfbundle; includeInIndex = 0; path = "PlasmaSwift-DemoTests.xctest"; sourceTree = BUILT_PRODUCTS_DIR; };
		77F1EADA1EEE8EE90054EAC1 /* PlasmaSwift_DemoTests.swift */ = {isa = PBXFileReference; lastKnownFileType = sourcecode.swift; path = PlasmaSwift_DemoTests.swift; sourceTree = "<group>"; };
		77F1EADC1EEE8EE90054EAC1 /* Info.plist */ = {isa = PBXFileReference; lastKnownFileType = text.plist.xml; path = Info.plist; sourceTree = "<group>"; };
		79F102E111F9394CFE2951E1 /* Pods-PlasmaSwift-Demo.debug.xcconfig */ = {isa = PBXFileReference; includeInIndex = 1; lastKnownFileType = text.xcconfig; name = "Pods-PlasmaSwift-Demo.debug.xcconfig"; path = "Pods/Target Support Files/Pods-PlasmaSwift-Demo/Pods-PlasmaSwift-Demo.debug.xcconfig"; sourceTree = "<group>"; };
		97514CF7E3888D94533F0D89 /* Pods_PlasmaSwift_Demo.framework */ = {isa = PBXFileReference; explicitFileType = wrapper.framework; includeInIndex = 0; path = Pods_PlasmaSwift_Demo.framework; sourceTree = BUILT_PRODUCTS_DIR; };
		A34D6E2A43EDE7F0E52D0093 /* Pods_PlasmaSwift_DemoTests.framework */ = {isa = PBXFileReference; explicitFileType = wrapper.framework; includeInIndex = 0; path = Pods_PlasmaSwift_DemoTests.framework; sourceTree = BUILT_PRODUCTS_DIR; };
		EB4A088CEDE938126B30088D /* Pods-PlasmaSwift-DemoTests.release.xcconfig */ = {isa = PBXFileReference; includeInIndex = 1; lastKnownFileType = text.xcconfig; name = "Pods-PlasmaSwift-DemoTests.release.xcconfig"; path = "Pods/Target Support Files/Pods-PlasmaSwift-DemoTests/Pods-PlasmaSwift-DemoTests.release.xcconfig"; sourceTree = "<group>"; };
/* End PBXFileReference section */

/* Begin PBXFrameworksBuildPhase section */
		77F1EABF1EEE8EE90054EAC1 /* Frameworks */ = {
			isa = PBXFrameworksBuildPhase;
			buildActionMask = 2147483647;
			files = (
				E86FAC80820DCBBAB75D2AC4 /* Pods_PlasmaSwift_Demo.framework in Frameworks */,
			);
			runOnlyForDeploymentPostprocessing = 0;
		};
		77F1EAD31EEE8EE90054EAC1 /* Frameworks */ = {
			isa = PBXFrameworksBuildPhase;
			buildActionMask = 2147483647;
			files = (
				DEE00182E3103AC88A29B5D1 /* Pods_PlasmaSwift_DemoTests.framework in Frameworks */,
			);
			runOnlyForDeploymentPostprocessing = 0;
		};
/* End PBXFrameworksBuildPhase section */

/* Begin PBXGroup section */
		1FDA94C8D02B78A8D8087560 /* Frameworks */ = {
			isa = PBXGroup;
			children = (
				97514CF7E3888D94533F0D89 /* Pods_PlasmaSwift_Demo.framework */,
				A34D6E2A43EDE7F0E52D0093 /* Pods_PlasmaSwift_DemoTests.framework */,
			);
			name = Frameworks;
			sourceTree = "<group>";
		};
		77F1EAB91EEE8EE90054EAC1 = {
			isa = PBXGroup;
			children = (
				77F1EAC41EEE8EE90054EAC1 /* PlasmaSwift-Demo */,
				77F1EAD91EEE8EE90054EAC1 /* PlasmaSwift-DemoTests */,
				77F1EAC31EEE8EE90054EAC1 /* Products */,
				F44B369BF34B50FBF7B21B3B /* Pods */,
				1FDA94C8D02B78A8D8087560 /* Frameworks */,
			);
			sourceTree = "<group>";
		};
		77F1EAC31EEE8EE90054EAC1 /* Products */ = {
			isa = PBXGroup;
			children = (
				77F1EAC21EEE8EE90054EAC1 /* PlasmaSwift-Demo.app */,
				77F1EAD61EEE8EE90054EAC1 /* PlasmaSwift-DemoTests.xctest */,
			);
			name = Products;
			sourceTree = "<group>";
		};
		77F1EAC41EEE8EE90054EAC1 /* PlasmaSwift-Demo */ = {
			isa = PBXGroup;
			children = (
				77F1EAC51EEE8EE90054EAC1 /* AppDelegate.swift */,
				77F1EAC71EEE8EE90054EAC1 /* ViewController.swift */,
				77F1EAC91EEE8EE90054EAC1 /* Main.storyboard */,
				77F1EACC1EEE8EE90054EAC1 /* Assets.xcassets */,
				77F1EAD11EEE8EE90054EAC1 /* Info.plist */,
			);
			path = "PlasmaSwift-Demo";
			sourceTree = "<group>";
		};
		77F1EAD91EEE8EE90054EAC1 /* PlasmaSwift-DemoTests */ = {
			isa = PBXGroup;
			children = (
				77F1EADA1EEE8EE90054EAC1 /* PlasmaSwift_DemoTests.swift */,
				77F1EADC1EEE8EE90054EAC1 /* Info.plist */,
			);
			path = "PlasmaSwift-DemoTests";
			sourceTree = "<group>";
		};
		F44B369BF34B50FBF7B21B3B /* Pods */ = {
			isa = PBXGroup;
			children = (
				79F102E111F9394CFE2951E1 /* Pods-PlasmaSwift-Demo.debug.xcconfig */,
				77BA7FF665E36D864B06E59D /* Pods-PlasmaSwift-Demo.release.xcconfig */,
				606C5508D3A7BBD374DC7F18 /* Pods-PlasmaSwift-DemoTests.debug.xcconfig */,
				EB4A088CEDE938126B30088D /* Pods-PlasmaSwift-DemoTests.release.xcconfig */,
			);
			name = Pods;
			sourceTree = "<group>";
		};
/* End PBXGroup section */

/* Begin PBXNativeTarget section */
		77F1EAC11EEE8EE90054EAC1 /* PlasmaSwift-Demo */ = {
			isa = PBXNativeTarget;
			buildConfigurationList = 77F1EADF1EEE8EE90054EAC1 /* Build configuration list for PBXNativeTarget "PlasmaSwift-Demo" */;
			buildPhases = (
				A9F4D74CEB0C52591365C923 /* [CP] Check Pods Manifest.lock */,
				77F1EABE1EEE8EE90054EAC1 /* Sources */,
				77F1EABF1EEE8EE90054EAC1 /* Frameworks */,
				77F1EAC01EEE8EE90054EAC1 /* Resources */,
				1D4C1EB6EF5F0EBA8F648781 /* [CP] Embed Pods Frameworks */,
				61D45DAB92E27F68C69E467F /* [CP] Copy Pods Resources */,
			);
			buildRules = (
			);
			dependencies = (
			);
			name = "PlasmaSwift-Demo";
			productName = "PlasmaSwift-Demo";
			productReference = 77F1EAC21EEE8EE90054EAC1 /* PlasmaSwift-Demo.app */;
			productType = "com.apple.product-type.application";
		};
		77F1EAD51EEE8EE90054EAC1 /* PlasmaSwift-DemoTests */ = {
			isa = PBXNativeTarget;
			buildConfigurationList = 77F1EAE21EEE8EE90054EAC1 /* Build configuration list for PBXNativeTarget "PlasmaSwift-DemoTests" */;
			buildPhases = (
				B14775B775304508970FB37F /* [CP] Check Pods Manifest.lock */,
				77F1EAD21EEE8EE90054EAC1 /* Sources */,
				77F1EAD31EEE8EE90054EAC1 /* Frameworks */,
				77F1EAD41EEE8EE90054EAC1 /* Resources */,
				761732A270052A54AE0ED5F9 /* [CP] Embed Pods Frameworks */,
				E7DF4AD6231C7B9E03C66568 /* [CP] Copy Pods Resources */,
			);
			buildRules = (
			);
			dependencies = (
				77F1EAD81EEE8EE90054EAC1 /* PBXTargetDependency */,
			);
			name = "PlasmaSwift-DemoTests";
			productName = "PlasmaSwift-DemoTests";
			productReference = 77F1EAD61EEE8EE90054EAC1 /* PlasmaSwift-DemoTests.xctest */;
			productType = "com.apple.product-type.bundle.unit-test";
		};
/* End PBXNativeTarget section */

/* Begin PBXProject section */
		77F1EABA1EEE8EE90054EAC1 /* Project object */ = {
			isa = PBXProject;
			attributes = {
				LastSwiftUpdateCheck = 0830;
				LastUpgradeCheck = 0830;
				ORGANIZATIONNAME = konotorrrri;
				TargetAttributes = {
					77F1EAC11EEE8EE90054EAC1 = {
						CreatedOnToolsVersion = 8.3.3;
						ProvisioningStyle = Automatic;
					};
					77F1EAD51EEE8EE90054EAC1 = {
						CreatedOnToolsVersion = 8.3.3;
						ProvisioningStyle = Automatic;
						TestTargetID = 77F1EAC11EEE8EE90054EAC1;
					};
				};
			};
			buildConfigurationList = 77F1EABD1EEE8EE90054EAC1 /* Build configuration list for PBXProject "PlasmaSwift-Demo" */;
			compatibilityVersion = "Xcode 3.2";
			developmentRegion = English;
			hasScannedForEncodings = 0;
			knownRegions = (
				en,
				Base,
			);
			mainGroup = 77F1EAB91EEE8EE90054EAC1;
			productRefGroup = 77F1EAC31EEE8EE90054EAC1 /* Products */;
			projectDirPath = "";
			projectRoot = "";
			targets = (
				77F1EAC11EEE8EE90054EAC1 /* PlasmaSwift-Demo */,
				77F1EAD51EEE8EE90054EAC1 /* PlasmaSwift-DemoTests */,
			);
		};
/* End PBXProject section */

/* Begin PBXResourcesBuildPhase section */
		77F1EAC01EEE8EE90054EAC1 /* Resources */ = {
			isa = PBXResourcesBuildPhase;
			buildActionMask = 2147483647;
			files = (
				77F1EACD1EEE8EE90054EAC1 /* Assets.xcassets in Resources */,
				77F1EACB1EEE8EE90054EAC1 /* Main.storyboard in Resources */,
			);
			runOnlyForDeploymentPostprocessing = 0;
		};
		77F1EAD41EEE8EE90054EAC1 /* Resources */ = {
			isa = PBXResourcesBuildPhase;
			buildActionMask = 2147483647;
			files = (
			);
			runOnlyForDeploymentPostprocessing = 0;
		};
/* End PBXResourcesBuildPhase section */

/* Begin PBXShellScriptBuildPhase section */
		1D4C1EB6EF5F0EBA8F648781 /* [CP] Embed Pods Frameworks */ = {
			isa = PBXShellScriptBuildPhase;
			buildActionMask = 2147483647;
			files = (
			);
			inputPaths = (
			);
			name = "[CP] Embed Pods Frameworks";
			outputPaths = (
			);
			runOnlyForDeploymentPostprocessing = 0;
			shellPath = /bin/sh;
			shellScript = "\"${SRCROOT}/Pods/Target Support Files/Pods-PlasmaSwift-Demo/Pods-PlasmaSwift-Demo-frameworks.sh\"\n";
			showEnvVarsInLog = 0;
		};
		61D45DAB92E27F68C69E467F /* [CP] Copy Pods Resources */ = {
			isa = PBXShellScriptBuildPhase;
			buildActionMask = 2147483647;
			files = (
			);
			inputPaths = (
			);
			name = "[CP] Copy Pods Resources";
			outputPaths = (
			);
			runOnlyForDeploymentPostprocessing = 0;
			shellPath = /bin/sh;
			shellScript = "\"${SRCROOT}/Pods/Target Support Files/Pods-PlasmaSwift-Demo/Pods-PlasmaSwift-Demo-resources.sh\"\n";
			showEnvVarsInLog = 0;
		};
		761732A270052A54AE0ED5F9 /* [CP] Embed Pods Frameworks */ = {
			isa = PBXShellScriptBuildPhase;
			buildActionMask = 2147483647;
			files = (
			);
			inputPaths = (
			);
			name = "[CP] Embed Pods Frameworks";
			outputPaths = (
			);
			runOnlyForDeploymentPostprocessing = 0;
			shellPath = /bin/sh;
			shellScript = "\"${SRCROOT}/Pods/Target Support Files/Pods-PlasmaSwift-DemoTests/Pods-PlasmaSwift-DemoTests-frameworks.sh\"\n";
			showEnvVarsInLog = 0;
		};
		A9F4D74CEB0C52591365C923 /* [CP] Check Pods Manifest.lock */ = {
			isa = PBXShellScriptBuildPhase;
			buildActionMask = 2147483647;
			files = (
			);
			inputPaths = (
			);
			name = "[CP] Check Pods Manifest.lock";
			outputPaths = (
			);
			runOnlyForDeploymentPostprocessing = 0;
			shellPath = /bin/sh;
			shellScript = "diff \"${PODS_PODFILE_DIR_PATH}/Podfile.lock\" \"${PODS_ROOT}/Manifest.lock\" > /dev/null\nif [ $? != 0 ] ; then\n    # print error to STDERR\n    echo \"error: The sandbox is not in sync with the Podfile.lock. Run 'pod install' or update your CocoaPods installation.\" >&2\n    exit 1\nfi\n";
			showEnvVarsInLog = 0;
		};
		B14775B775304508970FB37F /* [CP] Check Pods Manifest.lock */ = {
			isa = PBXShellScriptBuildPhase;
			buildActionMask = 2147483647;
			files = (
			);
			inputPaths = (
			);
			name = "[CP] Check Pods Manifest.lock";
			outputPaths = (
			);
			runOnlyForDeploymentPostprocessing = 0;
			shellPath = /bin/sh;
			shellScript = "diff \"${PODS_PODFILE_DIR_PATH}/Podfile.lock\" \"${PODS_ROOT}/Manifest.lock\" > /dev/null\nif [ $? != 0 ] ; then\n    # print error to STDERR\n    echo \"error: The sandbox is not in sync with the Podfile.lock. Run 'pod install' or update your CocoaPods installation.\" >&2\n    exit 1\nfi\n";
			showEnvVarsInLog = 0;
		};
		E7DF4AD6231C7B9E03C66568 /* [CP] Copy Pods Resources */ = {
			isa = PBXShellScriptBuildPhase;
			buildActionMask = 2147483647;
			files = (
			);
			inputPaths = (
			);
			name = "[CP] Copy Pods Resources";
			outputPaths = (
			);
			runOnlyForDeploymentPostprocessing = 0;
			shellPath = /bin/sh;
			shellScript = "\"${SRCROOT}/Pods/Target Support Files/Pods-PlasmaSwift-DemoTests/Pods-PlasmaSwift-DemoTests-resources.sh\"\n";
			showEnvVarsInLog = 0;
		};
/* End PBXShellScriptBuildPhase section */

/* Begin PBXSourcesBuildPhase section */
		77F1EABE1EEE8EE90054EAC1 /* Sources */ = {
			isa = PBXSourcesBuildPhase;
			buildActionMask = 2147483647;
			files = (
				77F1EAC81EEE8EE90054EAC1 /* ViewController.swift in Sources */,
				77F1EAC61EEE8EE90054EAC1 /* AppDelegate.swift in Sources */,
			);
			runOnlyForDeploymentPostprocessing = 0;
		};
		77F1EAD21EEE8EE90054EAC1 /* Sources */ = {
			isa = PBXSourcesBuildPhase;
			buildActionMask = 2147483647;
			files = (
				77F1EADB1EEE8EE90054EAC1 /* PlasmaSwift_DemoTests.swift in Sources */,
			);
			runOnlyForDeploymentPostprocessing = 0;
		};
/* End PBXSourcesBuildPhase section */

/* Begin PBXTargetDependency section */
		77F1EAD81EEE8EE90054EAC1 /* PBXTargetDependency */ = {
			isa = PBXTargetDependency;
			target = 77F1EAC11EEE8EE90054EAC1 /* PlasmaSwift-Demo */;
			targetProxy = 77F1EAD71EEE8EE90054EAC1 /* PBXContainerItemProxy */;
		};
/* End PBXTargetDependency section */

/* Begin PBXVariantGroup section */
		77F1EAC91EEE8EE90054EAC1 /* Main.storyboard */ = {
			isa = PBXVariantGroup;
			children = (
				77F1EACA1EEE8EE90054EAC1 /* Base */,
			);
			name = Main.storyboard;
			sourceTree = "<group>";
		};
/* End PBXVariantGroup section */

/* Begin XCBuildConfiguration section */
		77F1EADD1EEE8EE90054EAC1 /* Debug */ = {
			isa = XCBuildConfiguration;
			buildSettings = {
				ALWAYS_SEARCH_USER_PATHS = NO;
				CLANG_ANALYZER_NONNULL = YES;
				CLANG_ANALYZER_NUMBER_OBJECT_CONVERSION = YES_AGGRESSIVE;
				CLANG_CXX_LANGUAGE_STANDARD = "gnu++0x";
				CLANG_CXX_LIBRARY = "libc++";
				CLANG_ENABLE_MODULES = YES;
				CLANG_ENABLE_OBJC_ARC = YES;
				CLANG_WARN_BOOL_CONVERSION = YES;
				CLANG_WARN_CONSTANT_CONVERSION = YES;
				CLANG_WARN_DIRECT_OBJC_ISA_USAGE = YES_ERROR;
				CLANG_WARN_DOCUMENTATION_COMMENTS = YES;
				CLANG_WARN_EMPTY_BODY = YES;
				CLANG_WARN_ENUM_CONVERSION = YES;
				CLANG_WARN_INFINITE_RECURSION = YES;
				CLANG_WARN_INT_CONVERSION = YES;
				CLANG_WARN_OBJC_ROOT_CLASS = YES_ERROR;
				CLANG_WARN_SUSPICIOUS_MOVE = YES;
				CLANG_WARN_UNREACHABLE_CODE = YES;
				CLANG_WARN__DUPLICATE_METHOD_MATCH = YES;
				"CODE_SIGN_IDENTITY[sdk=iphoneos*]" = "iPhone Developer";
				COPY_PHASE_STRIP = NO;
				DEBUG_INFORMATION_FORMAT = dwarf;
				ENABLE_STRICT_OBJC_MSGSEND = YES;
				ENABLE_TESTABILITY = YES;
				GCC_C_LANGUAGE_STANDARD = gnu99;
				GCC_DYNAMIC_NO_PIC = NO;
				GCC_NO_COMMON_BLOCKS = YES;
				GCC_OPTIMIZATION_LEVEL = 0;
				GCC_PREPROCESSOR_DEFINITIONS = (
					"DEBUG=1",
					"$(inherited)",
				);
				GCC_WARN_64_TO_32_BIT_CONVERSION = YES;
				GCC_WARN_ABOUT_RETURN_TYPE = YES_ERROR;
				GCC_WARN_UNDECLARED_SELECTOR = YES;
				GCC_WARN_UNINITIALIZED_AUTOS = YES_AGGRESSIVE;
				GCC_WARN_UNUSED_FUNCTION = YES;
				GCC_WARN_UNUSED_VARIABLE = YES;
				IPHONEOS_DEPLOYMENT_TARGET = 10.3;
				MTL_ENABLE_DEBUG_INFO = YES;
				ONLY_ACTIVE_ARCH = YES;
				SDKROOT = iphoneos;
				SWIFT_ACTIVE_COMPILATION_CONDITIONS = DEBUG;
				SWIFT_OPTIMIZATION_LEVEL = "-Onone";
				TARGETED_DEVICE_FAMILY = "1,2";
			};
			name = Debug;
		};
		77F1EADE1EEE8EE90054EAC1 /* Release */ = {
			isa = XCBuildConfiguration;
			buildSettings = {
				ALWAYS_SEARCH_USER_PATHS = NO;
				CLANG_ANALYZER_NONNULL = YES;
				CLANG_ANALYZER_NUMBER_OBJECT_CONVERSION = YES_AGGRESSIVE;
				CLANG_CXX_LANGUAGE_STANDARD = "gnu++0x";
				CLANG_CXX_LIBRARY = "libc++";
				CLANG_ENABLE_MODULES = YES;
				CLANG_ENABLE_OBJC_ARC = YES;
				CLANG_WARN_BOOL_CONVERSION = YES;
				CLANG_WARN_CONSTANT_CONVERSION = YES;
				CLANG_WARN_DIRECT_OBJC_ISA_USAGE = YES_ERROR;
				CLANG_WARN_DOCUMENTATION_COMMENTS = YES;
				CLANG_WARN_EMPTY_BODY = YES;
				CLANG_WARN_ENUM_CONVERSION = YES;
				CLANG_WARN_INFINITE_RECURSION = YES;
				CLANG_WARN_INT_CONVERSION = YES;
				CLANG_WARN_OBJC_ROOT_CLASS = YES_ERROR;
				CLANG_WARN_SUSPICIOUS_MOVE = YES;
				CLANG_WARN_UNREACHABLE_CODE = YES;
				CLANG_WARN__DUPLICATE_METHOD_MATCH = YES;
				"CODE_SIGN_IDENTITY[sdk=iphoneos*]" = "iPhone Developer";
				COPY_PHASE_STRIP = NO;
				DEBUG_INFORMATION_FORMAT = "dwarf-with-dsym";
				ENABLE_NS_ASSERTIONS = NO;
				ENABLE_STRICT_OBJC_MSGSEND = YES;
				GCC_C_LANGUAGE_STANDARD = gnu99;
				GCC_NO_COMMON_BLOCKS = YES;
				GCC_WARN_64_TO_32_BIT_CONVERSION = YES;
				GCC_WARN_ABOUT_RETURN_TYPE = YES_ERROR;
				GCC_WARN_UNDECLARED_SELECTOR = YES;
				GCC_WARN_UNINITIALIZED_AUTOS = YES_AGGRESSIVE;
				GCC_WARN_UNUSED_FUNCTION = YES;
				GCC_WARN_UNUSED_VARIABLE = YES;
				IPHONEOS_DEPLOYMENT_TARGET = 10.3;
				MTL_ENABLE_DEBUG_INFO = NO;
				SDKROOT = iphoneos;
				SWIFT_OPTIMIZATION_LEVEL = "-Owholemodule";
				TARGETED_DEVICE_FAMILY = "1,2";
				VALIDATE_PRODUCT = YES;
			};
			name = Release;
		};
		77F1EAE01EEE8EE90054EAC1 /* Debug */ = {
			isa = XCBuildConfiguration;
			baseConfigurationReference = 79F102E111F9394CFE2951E1 /* Pods-PlasmaSwift-Demo.debug.xcconfig */;
			buildSettings = {
				ASSETCATALOG_COMPILER_APPICON_NAME = AppIcon;
				INFOPLIST_FILE = "PlasmaSwift-Demo/Info.plist";
				IPHONEOS_DEPLOYMENT_TARGET = 8.3;
				LD_RUNPATH_SEARCH_PATHS = "$(inherited) @executable_path/Frameworks";
				PRODUCT_BUNDLE_IDENTIFIER = "konotorrrri.PlasmaSwift-Demo";
				PRODUCT_NAME = "$(TARGET_NAME)";
				SWIFT_VERSION = 3.0;
			};
			name = Debug;
		};
		77F1EAE11EEE8EE90054EAC1 /* Release */ = {
			isa = XCBuildConfiguration;
			baseConfigurationReference = 77BA7FF665E36D864B06E59D /* Pods-PlasmaSwift-Demo.release.xcconfig */;
			buildSettings = {
				ASSETCATALOG_COMPILER_APPICON_NAME = AppIcon;
				INFOPLIST_FILE = "PlasmaSwift-Demo/Info.plist";
				IPHONEOS_DEPLOYMENT_TARGET = 8.3;
				LD_RUNPATH_SEARCH_PATHS = "$(inherited) @executable_path/Frameworks";
				PRODUCT_BUNDLE_IDENTIFIER = "konotorrrri.PlasmaSwift-Demo";
				PRODUCT_NAME = "$(TARGET_NAME)";
				SWIFT_VERSION = 3.0;
			};
			name = Release;
		};
		77F1EAE31EEE8EE90054EAC1 /* Debug */ = {
			isa = XCBuildConfiguration;
			baseConfigurationReference = 606C5508D3A7BBD374DC7F18 /* Pods-PlasmaSwift-DemoTests.debug.xcconfig */;
			buildSettings = {
				ALWAYS_EMBED_SWIFT_STANDARD_LIBRARIES = YES;
				BUNDLE_LOADER = "$(TEST_HOST)";
				INFOPLIST_FILE = "PlasmaSwift-DemoTests/Info.plist";
				LD_RUNPATH_SEARCH_PATHS = "$(inherited) @executable_path/Frameworks @loader_path/Frameworks";
				PRODUCT_BUNDLE_IDENTIFIER = "konotorrrri.PlasmaSwift-DemoTests";
				PRODUCT_NAME = "$(TARGET_NAME)";
				SWIFT_VERSION = 3.0;
				TEST_HOST = "$(BUILT_PRODUCTS_DIR)/PlasmaSwift-Demo.app/PlasmaSwift-Demo";
			};
			name = Debug;
		};
		77F1EAE41EEE8EE90054EAC1 /* Release */ = {
			isa = XCBuildConfiguration;
			baseConfigurationReference = EB4A088CEDE938126B30088D /* Pods-PlasmaSwift-DemoTests.release.xcconfig */;
			buildSettings = {
				ALWAYS_EMBED_SWIFT_STANDARD_LIBRARIES = YES;
				BUNDLE_LOADER = "$(TEST_HOST)";
				INFOPLIST_FILE = "PlasmaSwift-DemoTests/Info.plist";
				LD_RUNPATH_SEARCH_PATHS = "$(inherited) @executable_path/Frameworks @loader_path/Frameworks";
				PRODUCT_BUNDLE_IDENTIFIER = "konotorrrri.PlasmaSwift-DemoTests";
				PRODUCT_NAME = "$(TARGET_NAME)";
				SWIFT_VERSION = 3.0;
				TEST_HOST = "$(BUILT_PRODUCTS_DIR)/PlasmaSwift-Demo.app/PlasmaSwift-Demo";
			};
			name = Release;
		};
/* End XCBuildConfiguration section */

/* Begin XCConfigurationList section */
		77F1EABD1EEE8EE90054EAC1 /* Build configuration list for PBXProject "PlasmaSwift-Demo" */ = {
			isa = XCConfigurationList;
			buildConfigurations = (
				77F1EADD1EEE8EE90054EAC1 /* Debug */,
				77F1EADE1EEE8EE90054EAC1 /* Release */,
			);
			defaultConfigurationIsVisible = 0;
			defaultConfigurationName = Release;
		};
		77F1EADF1EEE8EE90054EAC1 /* Build configuration list for PBXNativeTarget "PlasmaSwift-Demo" */ = {
			isa = XCConfigurationList;
			buildConfigurations = (
				77F1EAE01EEE8EE90054EAC1 /* Debug */,
				77F1EAE11EEE8EE90054EAC1 /* Release */,
			);
			defaultConfigurationIsVisible = 0;
			defaultConfigurationName = Release;
		};
		77F1EAE21EEE8EE90054EAC1 /* Build configuration list for PBXNativeTarget "PlasmaSwift-DemoTests" */ = {
			isa = XCConfigurationList;
			buildConfigurations = (
				77F1EAE31EEE8EE90054EAC1 /* Debug */,
				77F1EAE41EEE8EE90054EAC1 /* Release */,
			);
			defaultConfigurationIsVisible = 0;
			defaultConfigurationName = Release;
		};
/* End XCConfigurationList section */
	};
	rootObject = 77F1EABA1EEE8EE90054EAC1 /* Project object */;
}
